speakeasyVersion: 1.396.10
sources:
    openapi:
        sourceNamespace: openapi
        sourceRevisionDigest: sha256:b66b8550bb20c2c2e33abc1290a446ee506dc51343321d637579bc11d3981288
        sourceBlobDigest: sha256:f76f9d1e8be466eef2d0e9612845ce19f9a5f507682e92d7a4355b3b13eaa921
        tags:
            - latest
            - main
targets:
    first-target:
        source: openapi
        sourceNamespace: openapi
        sourceRevisionDigest: sha256:b66b8550bb20c2c2e33abc1290a446ee506dc51343321d637579bc11d3981288
        sourceBlobDigest: sha256:f76f9d1e8be466eef2d0e9612845ce19f9a5f507682e92d7a4355b3b13eaa921
workflow:
    workflowVersion: 1.0.0
    speakeasyVersion: latest
    sources:
        openapi:
            inputs:
                - location: https://raw.githubusercontent.com/StyraInc/enterprise-opa/main/openapi/openapi.yaml
            registry:
                location: registry.speakeasyapi.dev/styra/styra/openapi
    targets:
        first-target:
            target: typescript
            source: openapi
            output: packages/opa
