speakeasyVersion: 1.326.1
sources:
    openapi:
        sourceNamespace: openapi
        sourceRevisionDigest: sha256:9b1bd7f43a72b086a5fbae09d043496cfc42f718fab8386268d8e5f721ee8dd9
        sourceBlobDigest: sha256:09895c78584d1e89a0c639e04731f710347d6a6ac6e42e13e73629448dc1faaf
        tags:
            - latest
            - main
targets:
    first-target:
        source: openapi
        sourceNamespace: openapi
        sourceRevisionDigest: sha256:9b1bd7f43a72b086a5fbae09d043496cfc42f718fab8386268d8e5f721ee8dd9
        sourceBlobDigest: sha256:09895c78584d1e89a0c639e04731f710347d6a6ac6e42e13e73629448dc1faaf
        outLocation: packages/opa
workflow:
    workflowVersion: 1.0.0
    speakeasyVersion: latest
    sources:
        openapi:
            inputs:
                - location: https://raw.githubusercontent.com/StyraInc/enterprise-opa/main/openapi/openapi.yaml
            overlays:
                - location: ./.speakeasy/overlay.yaml
            registry:
                location: registry.speakeasyapi.dev/styra/styra/openapi
    targets:
        first-target:
            target: typescript
            source: openapi
            output: packages/opa
