speakeasyVersion: 1.326.3
sources:
    openapi:
        sourceNamespace: openapi
        sourceRevisionDigest: sha256:0056a86e9b4e34da53d683b222302daa7beb171ae07fa8b4454f3c1a68397274
        sourceBlobDigest: sha256:290f18454039c84eda16b04b96917553c19f0f29125964a2345f969b0ce488d8
        tags:
            - latest
            - sr-opa-dualmode
targets:
    first-target:
        source: openapi
        sourceNamespace: openapi
        sourceRevisionDigest: sha256:0056a86e9b4e34da53d683b222302daa7beb171ae07fa8b4454f3c1a68397274
        sourceBlobDigest: sha256:290f18454039c84eda16b04b96917553c19f0f29125964a2345f969b0ce488d8
        outLocation: packages/opa
workflow:
    workflowVersion: 1.0.0
    speakeasyVersion: latest
    sources:
        openapi:
            inputs:
                - location: https://raw.githubusercontent.com/StyraInc/enterprise-opa/main/openapi/openapi.yaml
            overlays:
                - location: ./.speakeasy/overlay.yaml
            registry:
                location: registry.speakeasyapi.dev/styra/styra/openapi
    targets:
        first-target:
            target: typescript
            source: openapi
            output: packages/opa
